
Microsoft Visual Studio Solution File, Format Version 12.00
# Visual Studio Version 17
VisualStudioVersion = 17.1.32407.343
MinimumVisualStudioVersion = 10.0.40219.1
Project("{FAE04EC0-301F-11D3-BF4B-00C04F79EFBC}") = "GraphDfsAndBfs", "GraphDfsAndBfs.csproj", "{99AB3CC5-0742-43C1-8E51-1E299C927351}"
EndProject
Global
	GlobalSection(SolutionConfigurationPlatforms) = preSolution
		Debug|Any CPU = Debug|Any CPU
		Release|Any CPU = Release|Any CPU
	EndGlobalSection
	GlobalSection(ProjectConfigurationPlatforms) = postSolution
		{99AB3CC5-0742-43C1-8E51-1E299C927351}.Debug|Any CPU.ActiveCfg = Debug|Any CPU
		{99AB3CC5-0742-43C1-8E51-1E299C927351}.Debug|Any CPU.Build.0 = Debug|Any CPU
		{99AB3CC5-0742-43C1-8E51-1E299C927351}.Release|Any CPU.ActiveCfg = Release|Any CPU
		{99AB3CC5-0742-43C1-8E51-1E299C927351}.Release|Any CPU.Build.0 = Release|Any CPU
	EndGlobalSection
	GlobalSection(SolutionProperties) = preSolution
		HideSolutionNode = FALSE
	EndGlobalSection
	GlobalSection(ExtensibilityGlobals) = postSolution
		SolutionGuid = {11216281-BC05-4415-BAEB-82ACE4D9A79A}
	EndGlobalSection
EndGlobal
