
Microsoft Visual Studio Solution File, Format Version 12.00
# Visual Studio Version 17
VisualStudioVersion = 17.1.32407.343
MinimumVisualStudioVersion = 10.0.40219.1
Project("{FAE04EC0-301F-11D3-BF4B-00C04F79EFBC}") = "Sortings", "Sortings.csproj", "{04D716F9-7217-4D29-B63A-447059429EB5}"
EndProject
Global
	GlobalSection(SolutionConfigurationPlatforms) = preSolution
		Debug|Any CPU = Debug|Any CPU
		Release|Any CPU = Release|Any CPU
	EndGlobalSection
	GlobalSection(ProjectConfigurationPlatforms) = postSolution
		{04D716F9-7217-4D29-B63A-447059429EB5}.Debug|Any CPU.ActiveCfg = Debug|Any CPU
		{04D716F9-7217-4D29-B63A-447059429EB5}.Debug|Any CPU.Build.0 = Debug|Any CPU
		{04D716F9-7217-4D29-B63A-447059429EB5}.Release|Any CPU.ActiveCfg = Release|Any CPU
		{04D716F9-7217-4D29-B63A-447059429EB5}.Release|Any CPU.Build.0 = Release|Any CPU
	EndGlobalSection
	GlobalSection(SolutionProperties) = preSolution
		HideSolutionNode = FALSE
	EndGlobalSection
	GlobalSection(ExtensibilityGlobals) = postSolution
		SolutionGuid = {BD161C08-6C41-41DA-AD12-5E9D4DFC8D85}
	EndGlobalSection
EndGlobal
