
Microsoft Visual Studio Solution File, Format Version 12.00
# Visual Studio Version 17
VisualStudioVersion = 17.1.32407.343
MinimumVisualStudioVersion = 10.0.40219.1
Project("{FAE04EC0-301F-11D3-BF4B-00C04F79EFBC}") = "PrimMST", "PrimMST.csproj", "{A7D885A0-73E0-48F5-B288-2C7E8B0B5F92}"
EndProject
Global
	GlobalSection(SolutionConfigurationPlatforms) = preSolution
		Debug|Any CPU = Debug|Any CPU
		Release|Any CPU = Release|Any CPU
	EndGlobalSection
	GlobalSection(ProjectConfigurationPlatforms) = postSolution
		{A7D885A0-73E0-48F5-B288-2C7E8B0B5F92}.Debug|Any CPU.ActiveCfg = Debug|Any CPU
		{A7D885A0-73E0-48F5-B288-2C7E8B0B5F92}.Debug|Any CPU.Build.0 = Debug|Any CPU
		{A7D885A0-73E0-48F5-B288-2C7E8B0B5F92}.Release|Any CPU.ActiveCfg = Release|Any CPU
		{A7D885A0-73E0-48F5-B288-2C7E8B0B5F92}.Release|Any CPU.Build.0 = Release|Any CPU
	EndGlobalSection
	GlobalSection(SolutionProperties) = preSolution
		HideSolutionNode = FALSE
	EndGlobalSection
	GlobalSection(ExtensibilityGlobals) = postSolution
		SolutionGuid = {6AC555F2-A7AB-40DA-A1F1-B7E044EB0F9F}
	EndGlobalSection
EndGlobal
